
Microsoft Visual Studio Solution File, Format Version 12.00
Project("{F2A71F9B-5D33-465A-A702-920D77279786}") = "Processor", "Processor\Processor.fsproj", "{5E04631A-DB07-4489-AB2F-8EBEDBC6B3F3}"
EndProject
Global
	GlobalSection(SolutionConfigurationPlatforms) = preSolution
		Debug|Any CPU = Debug|Any CPU
		Release|Any CPU = Release|Any CPU
	EndGlobalSection
	GlobalSection(ProjectConfigurationPlatforms) = postSolution
		{5E04631A-DB07-4489-AB2F-8EBEDBC6B3F3}.Debug|Any CPU.ActiveCfg = Debug|Any CPU
		{5E04631A-DB07-4489-AB2F-8EBEDBC6B3F3}.Debug|Any CPU.Build.0 = Debug|Any CPU
		{5E04631A-DB07-4489-AB2F-8EBEDBC6B3F3}.Release|Any CPU.ActiveCfg = Release|Any CPU
		{5E04631A-DB07-4489-AB2F-8EBEDBC6B3F3}.Release|Any CPU.Build.0 = Release|Any CPU
	EndGlobalSection
EndGlobal
